// !$*UTF8*$!
{
	archiveVersion = 1;
	classes = {
	};
	objectVersion = 46;
	objects = {

/* Begin PBXBuildFile section */
		B200922D1A38BD8D005160FB /* main.m in Sources */ = {isa = PBXBuildFile; fileRef = B200922C1A38BD8D005160FB /* main.m */; };
		B20092301A38BD8D005160FB /* AppDelegate.m in Sources */ = {isa = PBXBuildFile; fileRef = B200922F1A38BD8D005160FB /* AppDelegate.m */; };
		B20092331A38BD8D005160FB /* ItineraryRequest.xcdatamodeld in Sources */ = {isa = PBXBuildFile; fileRef = B20092311A38BD8D005160FB /* ItineraryRequest.xcdatamodeld */; };
		B20092391A38BD8D005160FB /* Main.storyboard in Resources */ = {isa = PBXBuildFile; fileRef = B20092371A38BD8D005160FB /* Main.storyboard */; };
		B200923B1A38BD8D005160FB /* Images.xcassets in Resources */ = {isa = PBXBuildFile; fileRef = B200923A1A38BD8D005160FB /* Images.xcassets */; };
		B200923E1A38BD8D005160FB /* LaunchScreen.xib in Resources */ = {isa = PBXBuildFile; fileRef = B200923C1A38BD8D005160FB /* LaunchScreen.xib */; };
		B200924A1A38BD8D005160FB /* ItineraryRequestTests.m in Sources */ = {isa = PBXBuildFile; fileRef = B20092491A38BD8D005160FB /* ItineraryRequestTests.m */; };
		B200925C1A38E2AA005160FB /* checkmark.png in Resources */ = {isa = PBXBuildFile; fileRef = B200925A1A38E2AA005160FB /* checkmark.png */; };
		B200925D1A38E2AA005160FB /* checkmark@2x.png in Resources */ = {isa = PBXBuildFile; fileRef = B200925B1A38E2AA005160FB /* checkmark@2x.png */; };
		B20092601A38E361005160FB /* checkmark_on.png in Resources */ = {isa = PBXBuildFile; fileRef = B200925E1A38E361005160FB /* checkmark_on.png */; };
		B20092611A38E361005160FB /* checkmark_on@2x.png in Resources */ = {isa = PBXBuildFile; fileRef = B200925F1A38E361005160FB /* checkmark_on@2x.png */; };
		B200926A1A38EF96005160FB /* itinerary.plist in Resources */ = {isa = PBXBuildFile; fileRef = B20092691A38EF96005160FB /* itinerary.plist */; };
		B2BDC7A61A3A0D97003FBE9A /* Itinerary.m in Sources */ = {isa = PBXBuildFile; fileRef = B2BDC7A31A3A0D97003FBE9A /* Itinerary.m */; };
		B2BDC7A71A3A0D97003FBE9A /* Utils.m in Sources */ = {isa = PBXBuildFile; fileRef = B2BDC7A51A3A0D97003FBE9A /* Utils.m */; };
		B2BDC7AB1A3A0DED003FBE9A /* PListBO.m in Sources */ = {isa = PBXBuildFile; fileRef = B2BDC7AA1A3A0DED003FBE9A /* PListBO.m */; };
		B2BDC7B51A3A0E7C003FBE9A /* SuggestedItineraryTableViewController.m in Sources */ = {isa = PBXBuildFile; fileRef = B2BDC7B21A3A0E7C003FBE9A /* SuggestedItineraryTableViewController.m */; };
		B2BDC7B61A3A0E7C003FBE9A /* ViewController.m in Sources */ = {isa = PBXBuildFile; fileRef = B2BDC7B41A3A0E7C003FBE9A /* ViewController.m */; };
		B2BDC7C01A3A0F2A003FBE9A /* CCUIDatePicker.m in Sources */ = {isa = PBXBuildFile; fileRef = B2BDC7B91A3A0F2A003FBE9A /* CCUIDatePicker.m */; };
		B2BDC7C11A3A0F2A003FBE9A /* WYPopoverController.m in Sources */ = {isa = PBXBuildFile; fileRef = B2BDC7BD1A3A0F2A003FBE9A /* WYPopoverController.m */; };
		B2BDC7C21A3A0F2A003FBE9A /* WYStoryboardPopoverSegue.m in Sources */ = {isa = PBXBuildFile; fileRef = B2BDC7BF1A3A0F2A003FBE9A /* WYStoryboardPopoverSegue.m */; };
		B2FCC0091A39526700A664C0 /* button_green.png in Resources */ = {isa = PBXBuildFile; fileRef = B2FCC0071A39526700A664C0 /* button_green.png */; };
		B2FCC00A1A39526700A664C0 /* button_green@2x.png in Resources */ = {isa = PBXBuildFile; fileRef = B2FCC0081A39526700A664C0 /* button_green@2x.png */; };
		B2FCC00D1A3952B800A664C0 /* button_down_green.png in Resources */ = {isa = PBXBuildFile; fileRef = B2FCC00B1A3952B800A664C0 /* button_down_green.png */; };
		B2FCC00E1A3952B800A664C0 /* button_down_green@2x.png in Resources */ = {isa = PBXBuildFile; fileRef = B2FCC00C1A3952B800A664C0 /* button_down_green@2x.png */; };
/* End PBXBuildFile section */

/* Begin PBXContainerItemProxy section */
		B20092441A38BD8D005160FB /* PBXContainerItemProxy */ = {
			isa = PBXContainerItemProxy;
			containerPortal = B200921F1A38BD8D005160FB /* Project object */;
			proxyType = 1;
			remoteGlobalIDString = B20092261A38BD8D005160FB;
			remoteInfo = ItineraryRequest;
		};
/* End PBXContainerItemProxy section */

/* Begin PBXFileReference section */
		B20092271A38BD8D005160FB /* ItineraryRequest.app */ = {isa = PBXFileReference; explicitFileType = wrapper.application; includeInIndex = 0; path = ItineraryRequest.app; sourceTree = BUILT_PRODUCTS_DIR; };
		B200922B1A38BD8D005160FB /* Info.plist */ = {isa = PBXFileReference; lastKnownFileType = text.plist.xml; path = Info.plist; sourceTree = "<group>"; };
		B200922C1A38BD8D005160FB /* main.m */ = {isa = PBXFileReference; lastKnownFileType = sourcecode.c.objc; path = main.m; sourceTree = "<group>"; };
		B200922E1A38BD8D005160FB /* AppDelegate.h */ = {isa = PBXFileReference; lastKnownFileType = sourcecode.c.h; path = AppDelegate.h; sourceTree = "<group>"; };
		B200922F1A38BD8D005160FB /* AppDelegate.m */ = {isa = PBXFileReference; lastKnownFileType = sourcecode.c.objc; path = AppDelegate.m; sourceTree = "<group>"; };
		B20092321A38BD8D005160FB /* ItineraryRequest.xcdatamodel */ = {isa = PBXFileReference; lastKnownFileType = wrapper.xcdatamodel; path = ItineraryRequest.xcdatamodel; sourceTree = "<group>"; };
		B20092381A38BD8D005160FB /* Base */ = {isa = PBXFileReference; lastKnownFileType = file.storyboard; name = Base; path = Base.lproj/Main.storyboard; sourceTree = "<group>"; };
		B200923A1A38BD8D005160FB /* Images.xcassets */ = {isa = PBXFileReference; lastKnownFileType = folder.assetcatalog; path = Images.xcassets; sourceTree = "<group>"; };
		B200923D1A38BD8D005160FB /* Base */ = {isa = PBXFileReference; lastKnownFileType = file.xib; name = Base; path = Base.lproj/LaunchScreen.xib; sourceTree = "<group>"; };
		B20092431A38BD8D005160FB /* ItineraryRequestTests.xctest */ = {isa = PBXFileReference; explicitFileType = wrapper.cfbundle; includeInIndex = 0; path = ItineraryRequestTests.xctest; sourceTree = BUILT_PRODUCTS_DIR; };
		B20092481A38BD8D005160FB /* Info.plist */ = {isa = PBXFileReference; lastKnownFileType = text.plist.xml; path = Info.plist; sourceTree = "<group>"; };
		B20092491A38BD8D005160FB /* ItineraryRequestTests.m */ = {isa = PBXFileReference; lastKnownFileType = sourcecode.c.objc; path = ItineraryRequestTests.m; sourceTree = "<group>"; };
		B200925A1A38E2AA005160FB /* checkmark.png */ = {isa = PBXFileReference; lastKnownFileType = image.png; path = checkmark.png; sourceTree = "<group>"; };
		B200925B1A38E2AA005160FB /* checkmark@2x.png */ = {isa = PBXFileReference; lastKnownFileType = image.png; path = "checkmark@2x.png"; sourceTree = "<group>"; };
		B200925E1A38E361005160FB /* checkmark_on.png */ = {isa = PBXFileReference; lastKnownFileType = image.png; path = checkmark_on.png; sourceTree = "<group>"; };
		B200925F1A38E361005160FB /* checkmark_on@2x.png */ = {isa = PBXFileReference; lastKnownFileType = image.png; path = "checkmark_on@2x.png"; sourceTree = "<group>"; };
		B20092691A38EF96005160FB /* itinerary.plist */ = {isa = PBXFileReference; fileEncoding = 4; lastKnownFileType = text.plist.xml; path = itinerary.plist; sourceTree = "<group>"; };
		B2BDC7A21A3A0D97003FBE9A /* Itinerary.h */ = {isa = PBXFileReference; fileEncoding = 4; lastKnownFileType = sourcecode.c.h; path = Itinerary.h; sourceTree = "<group>"; };
		B2BDC7A31A3A0D97003FBE9A /* Itinerary.m */ = {isa = PBXFileReference; fileEncoding = 4; lastKnownFileType = sourcecode.c.objc; path = Itinerary.m; sourceTree = "<group>"; };
		B2BDC7A41A3A0D97003FBE9A /* Utils.h */ = {isa = PBXFileReference; fileEncoding = 4; lastKnownFileType = sourcecode.c.h; path = Utils.h; sourceTree = "<group>"; };
		B2BDC7A51A3A0D97003FBE9A /* Utils.m */ = {isa = PBXFileReference; fileEncoding = 4; lastKnownFileType = sourcecode.c.objc; path = Utils.m; sourceTree = "<group>"; };
		B2BDC7A91A3A0DED003FBE9A /* PListBO.h */ = {isa = PBXFileReference; fileEncoding = 4; lastKnownFileType = sourcecode.c.h; path = PListBO.h; sourceTree = "<group>"; };
		B2BDC7AA1A3A0DED003FBE9A /* PListBO.m */ = {isa = PBXFileReference; fileEncoding = 4; lastKnownFileType = sourcecode.c.objc; path = PListBO.m; sourceTree = "<group>"; };
		B2BDC7B11A3A0E7C003FBE9A /* SuggestedItineraryTableViewController.h */ = {isa = PBXFileReference; fileEncoding = 4; lastKnownFileType = sourcecode.c.h; path = SuggestedItineraryTableViewController.h; sourceTree = "<group>"; };
		B2BDC7B21A3A0E7C003FBE9A /* SuggestedItineraryTableViewController.m */ = {isa = PBXFileReference; fileEncoding = 4; lastKnownFileType = sourcecode.c.objc; path = SuggestedItineraryTableViewController.m; sourceTree = "<group>"; };
		B2BDC7B31A3A0E7C003FBE9A /* ViewController.h */ = {isa = PBXFileReference; fileEncoding = 4; lastKnownFileType = sourcecode.c.h; path = ViewController.h; sourceTree = "<group>"; };
		B2BDC7B41A3A0E7C003FBE9A /* ViewController.m */ = {isa = PBXFileReference; fileEncoding = 4; lastKnownFileType = sourcecode.c.objc; path = ViewController.m; sourceTree = "<group>"; };
		B2BDC7B81A3A0F2A003FBE9A /* CCUIDatePicker.h */ = {isa = PBXFileReference; fileEncoding = 4; lastKnownFileType = sourcecode.c.h; path = CCUIDatePicker.h; sourceTree = "<group>"; };
		B2BDC7B91A3A0F2A003FBE9A /* CCUIDatePicker.m */ = {isa = PBXFileReference; fileEncoding = 4; lastKnownFileType = sourcecode.c.objc; path = CCUIDatePicker.m; sourceTree = "<group>"; };
		B2BDC7BC1A3A0F2A003FBE9A /* WYPopoverController.h */ = {isa = PBXFileReference; fileEncoding = 4; lastKnownFileType = sourcecode.c.h; path = WYPopoverController.h; sourceTree = "<group>"; };
		B2BDC7BD1A3A0F2A003FBE9A /* WYPopoverController.m */ = {isa = PBXFileReference; fileEncoding = 4; lastKnownFileType = sourcecode.c.objc; path = WYPopoverController.m; sourceTree = "<group>"; };
		B2BDC7BE1A3A0F2A003FBE9A /* WYStoryboardPopoverSegue.h */ = {isa = PBXFileReference; fileEncoding = 4; lastKnownFileType = sourcecode.c.h; path = WYStoryboardPopoverSegue.h; sourceTree = "<group>"; };
		B2BDC7BF1A3A0F2A003FBE9A /* WYStoryboardPopoverSegue.m */ = {isa = PBXFileReference; fileEncoding = 4; lastKnownFileType = sourcecode.c.objc; path = WYStoryboardPopoverSegue.m; sourceTree = "<group>"; };
		B2FCC0071A39526700A664C0 /* button_green.png */ = {isa = PBXFileReference; lastKnownFileType = image.png; path = button_green.png; sourceTree = "<group>"; };
		B2FCC0081A39526700A664C0 /* button_green@2x.png */ = {isa = PBXFileReference; lastKnownFileType = image.png; path = "button_green@2x.png"; sourceTree = "<group>"; };
		B2FCC00B1A3952B800A664C0 /* button_down_green.png */ = {isa = PBXFileReference; lastKnownFileType = image.png; path = button_down_green.png; sourceTree = "<group>"; };
		B2FCC00C1A3952B800A664C0 /* button_down_green@2x.png */ = {isa = PBXFileReference; lastKnownFileType = image.png; path = "button_down_green@2x.png"; sourceTree = "<group>"; };
/* End PBXFileReference section */

/* Begin PBXFrameworksBuildPhase section */
		B20092241A38BD8D005160FB /* Frameworks */ = {
			isa = PBXFrameworksBuildPhase;
			buildActionMask = 2147483647;
			files = (
			);
			runOnlyForDeploymentPostprocessing = 0;
		};
		B20092401A38BD8D005160FB /* Frameworks */ = {
			isa = PBXFrameworksBuildPhase;
			buildActionMask = 2147483647;
			files = (
			);
			runOnlyForDeploymentPostprocessing = 0;
		};
/* End PBXFrameworksBuildPhase section */

/* Begin PBXGroup section */
		B200921E1A38BD8D005160FB = {
			isa = PBXGroup;
			children = (
				B20092291A38BD8D005160FB /* ItineraryRequest */,
				B20092461A38BD8D005160FB /* ItineraryRequestTests */,
				B20092281A38BD8D005160FB /* Products */,
			);
			sourceTree = "<group>";
		};
		B20092281A38BD8D005160FB /* Products */ = {
			isa = PBXGroup;
			children = (
				B20092271A38BD8D005160FB /* ItineraryRequest.app */,
				B20092431A38BD8D005160FB /* ItineraryRequestTests.xctest */,
			);
			name = Products;
			sourceTree = "<group>";
		};
		B20092291A38BD8D005160FB /* ItineraryRequest */ = {
			isa = PBXGroup;
			children = (
				B200922E1A38BD8D005160FB /* AppDelegate.h */,
				B200922F1A38BD8D005160FB /* AppDelegate.m */,
				B2BDC7A11A3A0D7C003FBE9A /* BE */,
				B2BDC7A81A3A0DED003FBE9A /* BO */,
				B200923A1A38BD8D005160FB /* Images.xcassets */,
				B20092311A38BD8D005160FB /* ItineraryRequest.xcdatamodeld */,
				B200923C1A38BD8D005160FB /* LaunchScreen.xib */,
				B20092371A38BD8D005160FB /* Main.storyboard */,
				B20092531A38C434005160FB /* Resources */,
				B200922A1A38BD8D005160FB /* Supporting Files */,
				B2BDC7B01A3A0E7C003FBE9A /* Views */,
			);
			path = ItineraryRequest;
			sourceTree = "<group>";
		};
		B200922A1A38BD8D005160FB /* Supporting Files */ = {
			isa = PBXGroup;
			children = (
				B200922B1A38BD8D005160FB /* Info.plist */,
				B200922C1A38BD8D005160FB /* main.m */,
			);
			name = "Supporting Files";
			sourceTree = "<group>";
		};
		B20092461A38BD8D005160FB /* ItineraryRequestTests */ = {
			isa = PBXGroup;
			children = (
				B20092491A38BD8D005160FB /* ItineraryRequestTests.m */,
				B20092471A38BD8D005160FB /* Supporting Files */,
			);
			path = ItineraryRequestTests;
			sourceTree = "<group>";
		};
		B20092471A38BD8D005160FB /* Supporting Files */ = {
			isa = PBXGroup;
			children = (
				B20092481A38BD8D005160FB /* Info.plist */,
			);
			name = "Supporting Files";
			sourceTree = "<group>";
		};
		B20092531A38C434005160FB /* Resources */ = {
			isa = PBXGroup;
			children = (
				B2FCC00B1A3952B800A664C0 /* button_down_green.png */,
				B2FCC00C1A3952B800A664C0 /* button_down_green@2x.png */,
				B2FCC0071A39526700A664C0 /* button_green.png */,
				B2FCC0081A39526700A664C0 /* button_green@2x.png */,
				B200925E1A38E361005160FB /* checkmark_on.png */,
				B200925F1A38E361005160FB /* checkmark_on@2x.png */,
				B200925A1A38E2AA005160FB /* checkmark.png */,
				B200925B1A38E2AA005160FB /* checkmark@2x.png */,
				B20092621A38EA26005160FB /* plists */,
			);
			path = Resources;
			sourceTree = "<group>";
		};
		B20092621A38EA26005160FB /* plists */ = {
			isa = PBXGroup;
			children = (
				B20092691A38EF96005160FB /* itinerary.plist */,
			);
			name = plists;
			sourceTree = "<group>";
		};
		B2BDC7A11A3A0D7C003FBE9A /* BE */ = {
			isa = PBXGroup;
			children = (
				B2BDC7A21A3A0D97003FBE9A /* Itinerary.h */,
				B2BDC7A31A3A0D97003FBE9A /* Itinerary.m */,
				B2BDC7A41A3A0D97003FBE9A /* Utils.h */,
				B2BDC7A51A3A0D97003FBE9A /* Utils.m */,
			);
			path = BE;
			sourceTree = "<group>";
		};
		B2BDC7A81A3A0DED003FBE9A /* BO */ = {
			isa = PBXGroup;
			children = (
				B2BDC7A91A3A0DED003FBE9A /* PListBO.h */,
				B2BDC7AA1A3A0DED003FBE9A /* PListBO.m */,
			);
			path = BO;
			sourceTree = "<group>";
		};
		B2BDC7B01A3A0E7C003FBE9A /* Views */ = {
			isa = PBXGroup;
			children = (
				B2BDC7B71A3A0F2A003FBE9A /* CustomControls */,
				B2BDC7BA1A3A0F2A003FBE9A /* CustomViews */,
				B2BDC7B11A3A0E7C003FBE9A /* SuggestedItineraryTableViewController.h */,
				B2BDC7B21A3A0E7C003FBE9A /* SuggestedItineraryTableViewController.m */,
				B2BDC7B31A3A0E7C003FBE9A /* ViewController.h */,
				B2BDC7B41A3A0E7C003FBE9A /* ViewController.m */,
			);
			path = Views;
			sourceTree = "<group>";
		};
		B2BDC7B71A3A0F2A003FBE9A /* CustomControls */ = {
			isa = PBXGroup;
			children = (
				B2BDC7B81A3A0F2A003FBE9A /* CCUIDatePicker.h */,
				B2BDC7B91A3A0F2A003FBE9A /* CCUIDatePicker.m */,
			);
			path = CustomControls;
			sourceTree = "<group>";
		};
		B2BDC7BA1A3A0F2A003FBE9A /* CustomViews */ = {
			isa = PBXGroup;
			children = (
				B2BDC7BB1A3A0F2A003FBE9A /* WYPopoverController */,
			);
			path = CustomViews;
			sourceTree = "<group>";
		};
		B2BDC7BB1A3A0F2A003FBE9A /* WYPopoverController */ = {
			isa = PBXGroup;
			children = (
				B2BDC7BC1A3A0F2A003FBE9A /* WYPopoverController.h */,
				B2BDC7BD1A3A0F2A003FBE9A /* WYPopoverController.m */,
				B2BDC7BE1A3A0F2A003FBE9A /* WYStoryboardPopoverSegue.h */,
				B2BDC7BF1A3A0F2A003FBE9A /* WYStoryboardPopoverSegue.m */,
			);
			path = WYPopoverController;
			sourceTree = "<group>";
		};
/* End PBXGroup section */

/* Begin PBXNativeTarget section */
		B20092261A38BD8D005160FB /* ItineraryRequest */ = {
			isa = PBXNativeTarget;
			buildConfigurationList = B200924D1A38BD8D005160FB /* Build configuration list for PBXNativeTarget "ItineraryRequest" */;
			buildPhases = (
				B20092231A38BD8D005160FB /* Sources */,
				B20092241A38BD8D005160FB /* Frameworks */,
				B20092251A38BD8D005160FB /* Resources */,
			);
			buildRules = (
			);
			dependencies = (
			);
			name = ItineraryRequest;
			productName = ItineraryRequest;
			productReference = B20092271A38BD8D005160FB /* ItineraryRequest.app */;
			productType = "com.apple.product-type.application";
		};
		B20092421A38BD8D005160FB /* ItineraryRequestTests */ = {
			isa = PBXNativeTarget;
			buildConfigurationList = B20092501A38BD8D005160FB /* Build configuration list for PBXNativeTarget "ItineraryRequestTests" */;
			buildPhases = (
				B200923F1A38BD8D005160FB /* Sources */,
				B20092401A38BD8D005160FB /* Frameworks */,
				B20092411A38BD8D005160FB /* Resources */,
			);
			buildRules = (
			);
			dependencies = (
				B20092451A38BD8D005160FB /* PBXTargetDependency */,
			);
			name = ItineraryRequestTests;
			productName = ItineraryRequestTests;
			productReference = B20092431A38BD8D005160FB /* ItineraryRequestTests.xctest */;
			productType = "com.apple.product-type.bundle.unit-test";
		};
/* End PBXNativeTarget section */

/* Begin PBXProject section */
		B200921F1A38BD8D005160FB /* Project object */ = {
			isa = PBXProject;
			attributes = {
				LastUpgradeCheck = 0610;
				ORGANIZATIONNAME = "Shao Chen";
				TargetAttributes = {
					B20092261A38BD8D005160FB = {
						CreatedOnToolsVersion = 6.1;
					};
					B20092421A38BD8D005160FB = {
						CreatedOnToolsVersion = 6.1;
						TestTargetID = B20092261A38BD8D005160FB;
					};
				};
			};
			buildConfigurationList = B20092221A38BD8D005160FB /* Build configuration list for PBXProject "ItineraryRequest" */;
			compatibilityVersion = "Xcode 3.2";
			developmentRegion = English;
			hasScannedForEncodings = 0;
			knownRegions = (
				en,
				Base,
			);
			mainGroup = B200921E1A38BD8D005160FB;
			productRefGroup = B20092281A38BD8D005160FB /* Products */;
			projectDirPath = "";
			projectRoot = "";
			targets = (
				B20092261A38BD8D005160FB /* ItineraryRequest */,
				B20092421A38BD8D005160FB /* ItineraryRequestTests */,
			);
		};
/* End PBXProject section */

/* Begin PBXResourcesBuildPhase section */
		B20092251A38BD8D005160FB /* Resources */ = {
			isa = PBXResourcesBuildPhase;
			buildActionMask = 2147483647;
			files = (
				B200926A1A38EF96005160FB /* itinerary.plist in Resources */,
				B20092601A38E361005160FB /* checkmark_on.png in Resources */,
				B2FCC00A1A39526700A664C0 /* button_green@2x.png in Resources */,
				B20092391A38BD8D005160FB /* Main.storyboard in Resources */,
				B2FCC0091A39526700A664C0 /* button_green.png in Resources */,
				B20092611A38E361005160FB /* checkmark_on@2x.png in Resources */,
				B200925C1A38E2AA005160FB /* checkmark.png in Resources */,
				B2FCC00D1A3952B800A664C0 /* button_down_green.png in Resources */,
				B2FCC00E1A3952B800A664C0 /* button_down_green@2x.png in Resources */,
				B200923E1A38BD8D005160FB /* LaunchScreen.xib in Resources */,
				B200923B1A38BD8D005160FB /* Images.xcassets in Resources */,
				B200925D1A38E2AA005160FB /* checkmark@2x.png in Resources */,
			);
			runOnlyForDeploymentPostprocessing = 0;
		};
		B20092411A38BD8D005160FB /* Resources */ = {
			isa = PBXResourcesBuildPhase;
			buildActionMask = 2147483647;
			files = (
			);
			runOnlyForDeploymentPostprocessing = 0;
		};
/* End PBXResourcesBuildPhase section */

/* Begin PBXSourcesBuildPhase section */
		B20092231A38BD8D005160FB /* Sources */ = {
			isa = PBXSourcesBuildPhase;
			buildActionMask = 2147483647;
			files = (
				B20092301A38BD8D005160FB /* AppDelegate.m in Sources */,
				B2BDC7AB1A3A0DED003FBE9A /* PListBO.m in Sources */,
				B2BDC7A71A3A0D97003FBE9A /* Utils.m in Sources */,
				B2BDC7C11A3A0F2A003FBE9A /* WYPopoverController.m in Sources */,
				B2BDC7B51A3A0E7C003FBE9A /* SuggestedItineraryTableViewController.m in Sources */,
				B2BDC7C01A3A0F2A003FBE9A /* CCUIDatePicker.m in Sources */,
				B20092331A38BD8D005160FB /* ItineraryRequest.xcdatamodeld in Sources */,
				B2BDC7B61A3A0E7C003FBE9A /* ViewController.m in Sources */,
				B200922D1A38BD8D005160FB /* main.m in Sources */,
				B2BDC7A61A3A0D97003FBE9A /* Itinerary.m in Sources */,
				B2BDC7C21A3A0F2A003FBE9A /* WYStoryboardPopoverSegue.m in Sources */,
			);
			runOnlyForDeploymentPostprocessing = 0;
		};
		B200923F1A38BD8D005160FB /* Sources */ = {
			isa = PBXSourcesBuildPhase;
			buildActionMask = 2147483647;
			files = (
				B200924A1A38BD8D005160FB /* ItineraryRequestTests.m in Sources */,
			);
			runOnlyForDeploymentPostprocessing = 0;
		};
/* End PBXSourcesBuildPhase section */

/* Begin PBXTargetDependency section */
		B20092451A38BD8D005160FB /* PBXTargetDependency */ = {
			isa = PBXTargetDependency;
			target = B20092261A38BD8D005160FB /* ItineraryRequest */;
			targetProxy = B20092441A38BD8D005160FB /* PBXContainerItemProxy */;
		};
/* End PBXTargetDependency section */

/* Begin PBXVariantGroup section */
		B20092371A38BD8D005160FB /* Main.storyboard */ = {
			isa = PBXVariantGroup;
			children = (
				B20092381A38BD8D005160FB /* Base */,
			);
			name = Main.storyboard;
			sourceTree = "<group>";
		};
		B200923C1A38BD8D005160FB /* LaunchScreen.xib */ = {
			isa = PBXVariantGroup;
			children = (
				B200923D1A38BD8D005160FB /* Base */,
			);
			name = LaunchScreen.xib;
			sourceTree = "<group>";
		};
/* End PBXVariantGroup section */

/* Begin XCBuildConfiguration section */
		B200924B1A38BD8D005160FB /* Debug */ = {
			isa = XCBuildConfiguration;
			buildSettings = {
				ALWAYS_SEARCH_USER_PATHS = NO;
				CLANG_CXX_LANGUAGE_STANDARD = "gnu++0x";
				CLANG_CXX_LIBRARY = "libc++";
				CLANG_ENABLE_MODULES = YES;
				CLANG_ENABLE_OBJC_ARC = YES;
				CLANG_WARN_BOOL_CONVERSION = YES;
				CLANG_WARN_CONSTANT_CONVERSION = YES;
				CLANG_WARN_DIRECT_OBJC_ISA_USAGE = YES_ERROR;
				CLANG_WARN_EMPTY_BODY = YES;
				CLANG_WARN_ENUM_CONVERSION = YES;
				CLANG_WARN_INT_CONVERSION = YES;
				CLANG_WARN_OBJC_ROOT_CLASS = YES_ERROR;
				CLANG_WARN_UNREACHABLE_CODE = YES;
				CLANG_WARN__DUPLICATE_METHOD_MATCH = YES;
				"CODE_SIGN_IDENTITY[sdk=iphoneos*]" = "iPhone Developer";
				COPY_PHASE_STRIP = NO;
				ENABLE_STRICT_OBJC_MSGSEND = YES;
				GCC_C_LANGUAGE_STANDARD = gnu99;
				GCC_DYNAMIC_NO_PIC = NO;
				GCC_OPTIMIZATION_LEVEL = 0;
				GCC_PREPROCESSOR_DEFINITIONS = (
					"DEBUG=1",
					"$(inherited)",
				);
				GCC_SYMBOLS_PRIVATE_EXTERN = NO;
				GCC_WARN_64_TO_32_BIT_CONVERSION = YES;
				GCC_WARN_ABOUT_RETURN_TYPE = YES_ERROR;
				GCC_WARN_UNDECLARED_SELECTOR = YES;
				GCC_WARN_UNINITIALIZED_AUTOS = YES_AGGRESSIVE;
				GCC_WARN_UNUSED_FUNCTION = YES;
				GCC_WARN_UNUSED_VARIABLE = YES;
				IPHONEOS_DEPLOYMENT_TARGET = 8.1;
				MTL_ENABLE_DEBUG_INFO = YES;
				ONLY_ACTIVE_ARCH = YES;
				SDKROOT = iphoneos;
			};
			name = Debug;
		};
		B200924C1A38BD8D005160FB /* Release */ = {
			isa = XCBuildConfiguration;
			buildSettings = {
				ALWAYS_SEARCH_USER_PATHS = NO;
				CLANG_CXX_LANGUAGE_STANDARD = "gnu++0x";
				CLANG_CXX_LIBRARY = "libc++";
				CLANG_ENABLE_MODULES = YES;
				CLANG_ENABLE_OBJC_ARC = YES;
				CLANG_WARN_BOOL_CONVERSION = YES;
				CLANG_WARN_CONSTANT_CONVERSION = YES;
				CLANG_WARN_DIRECT_OBJC_ISA_USAGE = YES_ERROR;
				CLANG_WARN_EMPTY_BODY = YES;
				CLANG_WARN_ENUM_CONVERSION = YES;
				CLANG_WARN_INT_CONVERSION = YES;
				CLANG_WARN_OBJC_ROOT_CLASS = YES_ERROR;
				CLANG_WARN_UNREACHABLE_CODE = YES;
				CLANG_WARN__DUPLICATE_METHOD_MATCH = YES;
				"CODE_SIGN_IDENTITY[sdk=iphoneos*]" = "iPhone Developer";
				COPY_PHASE_STRIP = YES;
				ENABLE_NS_ASSERTIONS = NO;
				ENABLE_STRICT_OBJC_MSGSEND = YES;
				GCC_C_LANGUAGE_STANDARD = gnu99;
				GCC_WARN_64_TO_32_BIT_CONVERSION = YES;
				GCC_WARN_ABOUT_RETURN_TYPE = YES_ERROR;
				GCC_WARN_UNDECLARED_SELECTOR = YES;
				GCC_WARN_UNINITIALIZED_AUTOS = YES_AGGRESSIVE;
				GCC_WARN_UNUSED_FUNCTION = YES;
				GCC_WARN_UNUSED_VARIABLE = YES;
				IPHONEOS_DEPLOYMENT_TARGET = 8.1;
				MTL_ENABLE_DEBUG_INFO = NO;
				SDKROOT = iphoneos;
				VALIDATE_PRODUCT = YES;
			};
			name = Release;
		};
		B200924E1A38BD8D005160FB /* Debug */ = {
			isa = XCBuildConfiguration;
			buildSettings = {
				ASSETCATALOG_COMPILER_APPICON_NAME = AppIcon;
				INFOPLIST_FILE = ItineraryRequest/Info.plist;
				IPHONEOS_DEPLOYMENT_TARGET = 7.0;
				LD_RUNPATH_SEARCH_PATHS = "$(inherited) @executable_path/Frameworks";
				PRODUCT_NAME = "$(TARGET_NAME)";
				TARGETED_DEVICE_FAMILY = 1;
			};
			name = Debug;
		};
		B200924F1A38BD8D005160FB /* Release */ = {
			isa = XCBuildConfiguration;
			buildSettings = {
				ASSETCATALOG_COMPILER_APPICON_NAME = AppIcon;
				INFOPLIST_FILE = ItineraryRequest/Info.plist;
				IPHONEOS_DEPLOYMENT_TARGET = 7.0;
				LD_RUNPATH_SEARCH_PATHS = "$(inherited) @executable_path/Frameworks";
				PRODUCT_NAME = "$(TARGET_NAME)";
				TARGETED_DEVICE_FAMILY = 1;
			};
			name = Release;
		};
		B20092511A38BD8D005160FB /* Debug */ = {
			isa = XCBuildConfiguration;
			buildSettings = {
				BUNDLE_LOADER = "$(TEST_HOST)";
				FRAMEWORK_SEARCH_PATHS = (
					"$(SDKROOT)/Developer/Library/Frameworks",
					"$(inherited)",
				);
				GCC_PREPROCESSOR_DEFINITIONS = (
					"DEBUG=1",
					"$(inherited)",
				);
				INFOPLIST_FILE = ItineraryRequestTests/Info.plist;
				LD_RUNPATH_SEARCH_PATHS = "$(inherited) @executable_path/Frameworks @loader_path/Frameworks";
				PRODUCT_NAME = "$(TARGET_NAME)";
				TEST_HOST = "$(BUILT_PRODUCTS_DIR)/ItineraryRequest.app/ItineraryRequest";
			};
			name = Debug;
		};
		B20092521A38BD8D005160FB /* Release */ = {
			isa = XCBuildConfiguration;
			buildSettings = {
				BUNDLE_LOADER = "$(TEST_HOST)";
				FRAMEWORK_SEARCH_PATHS = (
					"$(SDKROOT)/Developer/Library/Frameworks",
					"$(inherited)",
				);
				INFOPLIST_FILE = ItineraryRequestTests/Info.plist;
				LD_RUNPATH_SEARCH_PATHS = "$(inherited) @executable_path/Frameworks @loader_path/Frameworks";
				PRODUCT_NAME = "$(TARGET_NAME)";
				TEST_HOST = "$(BUILT_PRODUCTS_DIR)/ItineraryRequest.app/ItineraryRequest";
			};
			name = Release;
		};
/* End XCBuildConfiguration section */

/* Begin XCConfigurationList section */
		B20092221A38BD8D005160FB /* Build configuration list for PBXProject "ItineraryRequest" */ = {
			isa = XCConfigurationList;
			buildConfigurations = (
				B200924B1A38BD8D005160FB /* Debug */,
				B200924C1A38BD8D005160FB /* Release */,
			);
			defaultConfigurationIsVisible = 0;
			defaultConfigurationName = Release;
		};
		B200924D1A38BD8D005160FB /* Build configuration list for PBXNativeTarget "ItineraryRequest" */ = {
			isa = XCConfigurationList;
			buildConfigurations = (
				B200924E1A38BD8D005160FB /* Debug */,
				B200924F1A38BD8D005160FB /* Release */,
			);
			defaultConfigurationIsVisible = 0;
			defaultConfigurationName = Release;
		};
		B20092501A38BD8D005160FB /* Build configuration list for PBXNativeTarget "ItineraryRequestTests" */ = {
			isa = XCConfigurationList;
			buildConfigurations = (
				B20092511A38BD8D005160FB /* Debug */,
				B20092521A38BD8D005160FB /* Release */,
			);
			defaultConfigurationIsVisible = 0;
			defaultConfigurationName = Release;
		};
/* End XCConfigurationList section */

/* Begin XCVersionGroup section */
		B20092311A38BD8D005160FB /* ItineraryRequest.xcdatamodeld */ = {
			isa = XCVersionGroup;
			children = (
				B20092321A38BD8D005160FB /* ItineraryRequest.xcdatamodel */,
			);
			currentVersion = B20092321A38BD8D005160FB /* ItineraryRequest.xcdatamodel */;
			path = ItineraryRequest.xcdatamodeld;
			sourceTree = "<group>";
			versionGroupType = wrapper.xcdatamodel;
		};
/* End XCVersionGroup section */
	};
	rootObject = B200921F1A38BD8D005160FB /* Project object */;
}
